
Microsoft Visual Studio Solution File, Format Version 12.00
# Visual Studio Version 16
VisualStudioVersion = 16.0.28803.352
MinimumVisualStudioVersion = 10.0.40219.1
Project("{FAE04EC0-301F-11D3-BF4B-00C04F79EFBC}") = "Tutorials.Cryptography.App", "Tutorials.Cryptography.App\Tutorials.Cryptography.App.csproj", "{21C30098-E865-46BE-9C73-CC7258B2906D}"
EndProject
Project("{FAE04EC0-301F-11D3-BF4B-00C04F79EFBC}") = "Tutorials.DigitalSignature.App", "Tutorials.DigitalSignature.App\Tutorials.DigitalSignature.App.csproj", "{932D565D-994E-46BF-AC0B-A1A0CC4A5188}"
EndProject
Global
	GlobalSection(SolutionConfigurationPlatforms) = preSolution
		Debug|Any CPU = Debug|Any CPU
		Release|Any CPU = Release|Any CPU
	EndGlobalSection
	GlobalSection(ProjectConfigurationPlatforms) = postSolution
		{21C30098-E865-46BE-9C73-CC7258B2906D}.Debug|Any CPU.ActiveCfg = Debug|Any CPU
		{21C30098-E865-46BE-9C73-CC7258B2906D}.Debug|Any CPU.Build.0 = Debug|Any CPU
		{21C30098-E865-46BE-9C73-CC7258B2906D}.Release|Any CPU.ActiveCfg = Release|Any CPU
		{21C30098-E865-46BE-9C73-CC7258B2906D}.Release|Any CPU.Build.0 = Release|Any CPU
		{932D565D-994E-46BF-AC0B-A1A0CC4A5188}.Debug|Any CPU.ActiveCfg = Debug|Any CPU
		{932D565D-994E-46BF-AC0B-A1A0CC4A5188}.Debug|Any CPU.Build.0 = Debug|Any CPU
		{932D565D-994E-46BF-AC0B-A1A0CC4A5188}.Release|Any CPU.ActiveCfg = Release|Any CPU
		{932D565D-994E-46BF-AC0B-A1A0CC4A5188}.Release|Any CPU.Build.0 = Release|Any CPU
	EndGlobalSection
	GlobalSection(SolutionProperties) = preSolution
		HideSolutionNode = FALSE
	EndGlobalSection
	GlobalSection(ExtensibilityGlobals) = postSolution
		SolutionGuid = {75BC691A-4510-439B-90C7-FBE5E7F0D9AB}
	EndGlobalSection
EndGlobal
